
Microsoft Visual Studio Solution File, Format Version 12.00
# Visual Studio 15
VisualStudioVersion = 15.0.28010.2003
MinimumVisualStudioVersion = 10.0.40219.1
Project("{FAE04EC0-301F-11D3-BF4B-00C04F79EFBC}") = "Read and Write to a file", "Read and Write to a file\Read and Write to a file.csproj", "{F59A3445-8BFF-45C6-A5F9-F4D96EE994B5}"
EndProject
Global
	GlobalSection(SolutionConfigurationPlatforms) = preSolution
		Debug|Any CPU = Debug|Any CPU
		Release|Any CPU = Release|Any CPU
	EndGlobalSection
	GlobalSection(ProjectConfigurationPlatforms) = postSolution
		{F59A3445-8BFF-45C6-A5F9-F4D96EE994B5}.Debug|Any CPU.ActiveCfg = Debug|Any CPU
		{F59A3445-8BFF-45C6-A5F9-F4D96EE994B5}.Debug|Any CPU.Build.0 = Debug|Any CPU
		{F59A3445-8BFF-45C6-A5F9-F4D96EE994B5}.Release|Any CPU.ActiveCfg = Release|Any CPU
		{F59A3445-8BFF-45C6-A5F9-F4D96EE994B5}.Release|Any CPU.Build.0 = Release|Any CPU
	EndGlobalSection
	GlobalSection(SolutionProperties) = preSolution
		HideSolutionNode = FALSE
	EndGlobalSection
	GlobalSection(ExtensibilityGlobals) = postSolution
		SolutionGuid = {2A535618-1A29-4C23-BC13-2A7DFAB4A68A}
	EndGlobalSection
EndGlobal
